
Microsoft Visual Studio Solution File, Format Version 12.00
# Visual Studio Version 16
VisualStudioVersion = 16.0.31729.503
MinimumVisualStudioVersion = 10.0.40219.1
Project("{FAE04EC0-301F-11D3-BF4B-00C04F79EFBC}") = "LinkedListUC2", "LinkedListUC2.csproj", "{4BC15C80-433F-439F-8782-D4EF8FAC2205}"
EndProject
Global
	GlobalSection(SolutionConfigurationPlatforms) = preSolution
		Debug|Any CPU = Debug|Any CPU
		Release|Any CPU = Release|Any CPU
	EndGlobalSection
	GlobalSection(ProjectConfigurationPlatforms) = postSolution
		{4BC15C80-433F-439F-8782-D4EF8FAC2205}.Debug|Any CPU.ActiveCfg = Debug|Any CPU
		{4BC15C80-433F-439F-8782-D4EF8FAC2205}.Debug|Any CPU.Build.0 = Debug|Any CPU
		{4BC15C80-433F-439F-8782-D4EF8FAC2205}.Release|Any CPU.ActiveCfg = Release|Any CPU
		{4BC15C80-433F-439F-8782-D4EF8FAC2205}.Release|Any CPU.Build.0 = Release|Any CPU
	EndGlobalSection
	GlobalSection(SolutionProperties) = preSolution
		HideSolutionNode = FALSE
	EndGlobalSection
	GlobalSection(ExtensibilityGlobals) = postSolution
		SolutionGuid = {7B0D93B0-BF5E-494B-AD6F-AE54B2AEF2D8}
	EndGlobalSection
EndGlobal
